// !$*UTF8*$!
{
	archiveVersion = 1;
	classes = {
	};
	objectVersion = 50;
	objects = {

/* Begin PBXBuildFile section */
		3851F5F226EA982000973438 /* AppDelegate.swift in Sources */ = {isa = PBXBuildFile; fileRef = 3851F5F126EA982000973438 /* AppDelegate.swift */; };
		3851F5F426EA982000973438 /* SceneDelegate.swift in Sources */ = {isa = PBXBuildFile; fileRef = 3851F5F326EA982000973438 /* SceneDelegate.swift */; };
		3851F5F626EA982000973438 /* UsersViewController.swift in Sources */ = {isa = PBXBuildFile; fileRef = 3851F5F526EA982000973438 /* UsersViewController.swift */; };
		3851F5F926EA982000973438 /* Main.storyboard in Resources */ = {isa = PBXBuildFile; fileRef = 3851F5F726EA982000973438 /* Main.storyboard */; };
		3851F5FB26EA982200973438 /* Assets.xcassets in Resources */ = {isa = PBXBuildFile; fileRef = 3851F5FA26EA982200973438 /* Assets.xcassets */; };
		3851F5FE26EA982200973438 /* LaunchScreen.storyboard in Resources */ = {isa = PBXBuildFile; fileRef = 3851F5FC26EA982200973438 /* LaunchScreen.storyboard */; };
		3851F60926EA982200973438 /* MVPUsersAppTests.swift in Sources */ = {isa = PBXBuildFile; fileRef = 3851F60826EA982200973438 /* MVPUsersAppTests.swift */; };
		3851F61426EA982200973438 /* MVPUsersAppUITests.swift in Sources */ = {isa = PBXBuildFile; fileRef = 3851F61326EA982200973438 /* MVPUsersAppUITests.swift */; };
		38FAAFDC26EAA3A800187299 /* Presenter.swift in Sources */ = {isa = PBXBuildFile; fileRef = 38FAAFDB26EAA3A800187299 /* Presenter.swift */; };
		38FAAFDE26EAA3ED00187299 /* User.swift in Sources */ = {isa = PBXBuildFile; fileRef = 38FAAFDD26EAA3ED00187299 /* User.swift */; };
/* End PBXBuildFile section */

/* Begin PBXContainerItemProxy section */
		3851F60526EA982200973438 /* PBXContainerItemProxy */ = {
			isa = PBXContainerItemProxy;
			containerPortal = 3851F5E626EA982000973438 /* Project object */;
			proxyType = 1;
			remoteGlobalIDString = 3851F5ED26EA982000973438;
			remoteInfo = MVPUsersApp;
		};
		3851F61026EA982200973438 /* PBXContainerItemProxy */ = {
			isa = PBXContainerItemProxy;
			containerPortal = 3851F5E626EA982000973438 /* Project object */;
			proxyType = 1;
			remoteGlobalIDString = 3851F5ED26EA982000973438;
			remoteInfo = MVPUsersApp;
		};
/* End PBXContainerItemProxy section */

/* Begin PBXFileReference section */
		3851F5EE26EA982000973438 /* MVPUsersApp.app */ = {isa = PBXFileReference; explicitFileType = wrapper.application; includeInIndex = 0; path = MVPUsersApp.app; sourceTree = BUILT_PRODUCTS_DIR; };
		3851F5F126EA982000973438 /* AppDelegate.swift */ = {isa = PBXFileReference; lastKnownFileType = sourcecode.swift; path = AppDelegate.swift; sourceTree = "<group>"; };
		3851F5F326EA982000973438 /* SceneDelegate.swift */ = {isa = PBXFileReference; lastKnownFileType = sourcecode.swift; path = SceneDelegate.swift; sourceTree = "<group>"; };
		3851F5F526EA982000973438 /* UsersViewController.swift */ = {isa = PBXFileReference; lastKnownFileType = sourcecode.swift; path = UsersViewController.swift; sourceTree = "<group>"; };
		3851F5F826EA982000973438 /* Base */ = {isa = PBXFileReference; lastKnownFileType = file.storyboard; name = Base; path = Base.lproj/Main.storyboard; sourceTree = "<group>"; };
		3851F5FA26EA982200973438 /* Assets.xcassets */ = {isa = PBXFileReference; lastKnownFileType = folder.assetcatalog; path = Assets.xcassets; sourceTree = "<group>"; };
		3851F5FD26EA982200973438 /* Base */ = {isa = PBXFileReference; lastKnownFileType = file.storyboard; name = Base; path = Base.lproj/LaunchScreen.storyboard; sourceTree = "<group>"; };
		3851F5FF26EA982200973438 /* Info.plist */ = {isa = PBXFileReference; lastKnownFileType = text.plist.xml; path = Info.plist; sourceTree = "<group>"; };
		3851F60426EA982200973438 /* MVPUsersAppTests.xctest */ = {isa = PBXFileReference; explicitFileType = wrapper.cfbundle; includeInIndex = 0; path = MVPUsersAppTests.xctest; sourceTree = BUILT_PRODUCTS_DIR; };
		3851F60826EA982200973438 /* MVPUsersAppTests.swift */ = {isa = PBXFileReference; lastKnownFileType = sourcecode.swift; path = MVPUsersAppTests.swift; sourceTree = "<group>"; };
		3851F60A26EA982200973438 /* Info.plist */ = {isa = PBXFileReference; lastKnownFileType = text.plist.xml; path = Info.plist; sourceTree = "<group>"; };
		3851F60F26EA982200973438 /* MVPUsersAppUITests.xctest */ = {isa = PBXFileReference; explicitFileType = wrapper.cfbundle; includeInIndex = 0; path = MVPUsersAppUITests.xctest; sourceTree = BUILT_PRODUCTS_DIR; };
		3851F61326EA982200973438 /* MVPUsersAppUITests.swift */ = {isa = PBXFileReference; lastKnownFileType = sourcecode.swift; path = MVPUsersAppUITests.swift; sourceTree = "<group>"; };
		3851F61526EA982200973438 /* Info.plist */ = {isa = PBXFileReference; lastKnownFileType = text.plist.xml; path = Info.plist; sourceTree = "<group>"; };
		38FAAFDB26EAA3A800187299 /* Presenter.swift */ = {isa = PBXFileReference; lastKnownFileType = sourcecode.swift; path = Presenter.swift; sourceTree = "<group>"; };
		38FAAFDD26EAA3ED00187299 /* User.swift */ = {isa = PBXFileReference; lastKnownFileType = sourcecode.swift; path = User.swift; sourceTree = "<group>"; };
/* End PBXFileReference section */

/* Begin PBXFrameworksBuildPhase section */
		3851F5EB26EA982000973438 /* Frameworks */ = {
			isa = PBXFrameworksBuildPhase;
			buildActionMask = 2147483647;
			files = (
			);
			runOnlyForDeploymentPostprocessing = 0;
		};
		3851F60126EA982200973438 /* Frameworks */ = {
			isa = PBXFrameworksBuildPhase;
			buildActionMask = 2147483647;
			files = (
			);
			runOnlyForDeploymentPostprocessing = 0;
		};
		3851F60C26EA982200973438 /* Frameworks */ = {
			isa = PBXFrameworksBuildPhase;
			buildActionMask = 2147483647;
			files = (
			);
			runOnlyForDeploymentPostprocessing = 0;
		};
/* End PBXFrameworksBuildPhase section */

/* Begin PBXGroup section */
		3851F5E526EA982000973438 = {
			isa = PBXGroup;
			children = (
				3851F5F026EA982000973438 /* MVPUsersApp */,
				3851F60726EA982200973438 /* MVPUsersAppTests */,
				3851F61226EA982200973438 /* MVPUsersAppUITests */,
				3851F5EF26EA982000973438 /* Products */,
			);
			sourceTree = "<group>";
		};
		3851F5EF26EA982000973438 /* Products */ = {
			isa = PBXGroup;
			children = (
				3851F5EE26EA982000973438 /* MVPUsersApp.app */,
				3851F60426EA982200973438 /* MVPUsersAppTests.xctest */,
				3851F60F26EA982200973438 /* MVPUsersAppUITests.xctest */,
			);
			name = Products;
			sourceTree = "<group>";
		};
		3851F5F026EA982000973438 /* MVPUsersApp */ = {
			isa = PBXGroup;
			children = (
				38FAAFD726EAA37800187299 /* MVP */,
				3851F5F126EA982000973438 /* AppDelegate.swift */,
				3851F5F326EA982000973438 /* SceneDelegate.swift */,
				3851F5F726EA982000973438 /* Main.storyboard */,
				3851F5FA26EA982200973438 /* Assets.xcassets */,
				3851F5FC26EA982200973438 /* LaunchScreen.storyboard */,
				3851F5FF26EA982200973438 /* Info.plist */,
			);
			path = MVPUsersApp;
			sourceTree = "<group>";
		};
		3851F60726EA982200973438 /* MVPUsersAppTests */ = {
			isa = PBXGroup;
			children = (
				3851F60826EA982200973438 /* MVPUsersAppTests.swift */,
				3851F60A26EA982200973438 /* Info.plist */,
			);
			path = MVPUsersAppTests;
			sourceTree = "<group>";
		};
		3851F61226EA982200973438 /* MVPUsersAppUITests */ = {
			isa = PBXGroup;
			children = (
				3851F61326EA982200973438 /* MVPUsersAppUITests.swift */,
				3851F61526EA982200973438 /* Info.plist */,
			);
			path = MVPUsersAppUITests;
			sourceTree = "<group>";
		};
		38FAAFD726EAA37800187299 /* MVP */ = {
			isa = PBXGroup;
			children = (
				38FAAFDA26EAA38E00187299 /* Presenter */,
				38FAAFD926EAA38800187299 /* Views */,
				38FAAFD826EAA38200187299 /* Model */,
			);
			path = MVP;
			sourceTree = "<group>";
		};
		38FAAFD826EAA38200187299 /* Model */ = {
			isa = PBXGroup;
			children = (
				38FAAFDD26EAA3ED00187299 /* User.swift */,
			);
			path = Model;
			sourceTree = "<group>";
		};
		38FAAFD926EAA38800187299 /* Views */ = {
			isa = PBXGroup;
			children = (
				3851F5F526EA982000973438 /* UsersViewController.swift */,
			);
			path = Views;
			sourceTree = "<group>";
		};
		38FAAFDA26EAA38E00187299 /* Presenter */ = {
			isa = PBXGroup;
			children = (
				38FAAFDB26EAA3A800187299 /* Presenter.swift */,
			);
			path = Presenter;
			sourceTree = "<group>";
		};
/* End PBXGroup section */

/* Begin PBXNativeTarget section */
		3851F5ED26EA982000973438 /* MVPUsersApp */ = {
			isa = PBXNativeTarget;
			buildConfigurationList = 3851F61826EA982200973438 /* Build configuration list for PBXNativeTarget "MVPUsersApp" */;
			buildPhases = (
				3851F5EA26EA982000973438 /* Sources */,
				3851F5EB26EA982000973438 /* Frameworks */,
				3851F5EC26EA982000973438 /* Resources */,
			);
			buildRules = (
			);
			dependencies = (
			);
			name = MVPUsersApp;
			productName = MVPUsersApp;
			productReference = 3851F5EE26EA982000973438 /* MVPUsersApp.app */;
			productType = "com.apple.product-type.application";
		};
		3851F60326EA982200973438 /* MVPUsersAppTests */ = {
			isa = PBXNativeTarget;
			buildConfigurationList = 3851F61B26EA982200973438 /* Build configuration list for PBXNativeTarget "MVPUsersAppTests" */;
			buildPhases = (
				3851F60026EA982200973438 /* Sources */,
				3851F60126EA982200973438 /* Frameworks */,
				3851F60226EA982200973438 /* Resources */,
			);
			buildRules = (
			);
			dependencies = (
				3851F60626EA982200973438 /* PBXTargetDependency */,
			);
			name = MVPUsersAppTests;
			productName = MVPUsersAppTests;
			productReference = 3851F60426EA982200973438 /* MVPUsersAppTests.xctest */;
			productType = "com.apple.product-type.bundle.unit-test";
		};
		3851F60E26EA982200973438 /* MVPUsersAppUITests */ = {
			isa = PBXNativeTarget;
			buildConfigurationList = 3851F61E26EA982200973438 /* Build configuration list for PBXNativeTarget "MVPUsersAppUITests" */;
			buildPhases = (
				3851F60B26EA982200973438 /* Sources */,
				3851F60C26EA982200973438 /* Frameworks */,
				3851F60D26EA982200973438 /* Resources */,
			);
			buildRules = (
			);
			dependencies = (
				3851F61126EA982200973438 /* PBXTargetDependency */,
			);
			name = MVPUsersAppUITests;
			productName = MVPUsersAppUITests;
			productReference = 3851F60F26EA982200973438 /* MVPUsersAppUITests.xctest */;
			productType = "com.apple.product-type.bundle.ui-testing";
		};
/* End PBXNativeTarget section */

/* Begin PBXProject section */
		3851F5E626EA982000973438 /* Project object */ = {
			isa = PBXProject;
			attributes = {
				LastSwiftUpdateCheck = 1250;
				LastUpgradeCheck = 1250;
				TargetAttributes = {
					3851F5ED26EA982000973438 = {
						CreatedOnToolsVersion = 12.5.1;
					};
					3851F60326EA982200973438 = {
						CreatedOnToolsVersion = 12.5.1;
						TestTargetID = 3851F5ED26EA982000973438;
					};
					3851F60E26EA982200973438 = {
						CreatedOnToolsVersion = 12.5.1;
						TestTargetID = 3851F5ED26EA982000973438;
					};
				};
			};
			buildConfigurationList = 3851F5E926EA982000973438 /* Build configuration list for PBXProject "MVPUsersApp" */;
			compatibilityVersion = "Xcode 9.3";
			developmentRegion = en;
			hasScannedForEncodings = 0;
			knownRegions = (
				en,
				Base,
			);
			mainGroup = 3851F5E526EA982000973438;
			productRefGroup = 3851F5EF26EA982000973438 /* Products */;
			projectDirPath = "";
			projectRoot = "";
			targets = (
				3851F5ED26EA982000973438 /* MVPUsersApp */,
				3851F60326EA982200973438 /* MVPUsersAppTests */,
				3851F60E26EA982200973438 /* MVPUsersAppUITests */,
			);
		};
/* End PBXProject section */

/* Begin PBXResourcesBuildPhase section */
		3851F5EC26EA982000973438 /* Resources */ = {
			isa = PBXResourcesBuildPhase;
			buildActionMask = 2147483647;
			files = (
				3851F5FE26EA982200973438 /* LaunchScreen.storyboard in Resources */,
				3851F5FB26EA982200973438 /* Assets.xcassets in Resources */,
				3851F5F926EA982000973438 /* Main.storyboard in Resources */,
			);
			runOnlyForDeploymentPostprocessing = 0;
		};
		3851F60226EA982200973438 /* Resources */ = {
			isa = PBXResourcesBuildPhase;
			buildActionMask = 2147483647;
			files = (
			);
			runOnlyForDeploymentPostprocessing = 0;
		};
		3851F60D26EA982200973438 /* Resources */ = {
			isa = PBXResourcesBuildPhase;
			buildActionMask = 2147483647;
			files = (
			);
			runOnlyForDeploymentPostprocessing = 0;
		};
/* End PBXResourcesBuildPhase section */

/* Begin PBXSourcesBuildPhase section */
		3851F5EA26EA982000973438 /* Sources */ = {
			isa = PBXSourcesBuildPhase;
			buildActionMask = 2147483647;
			files = (
				3851F5F626EA982000973438 /* UsersViewController.swift in Sources */,
				3851F5F226EA982000973438 /* AppDelegate.swift in Sources */,
				38FAAFDC26EAA3A800187299 /* Presenter.swift in Sources */,
				38FAAFDE26EAA3ED00187299 /* User.swift in Sources */,
				3851F5F426EA982000973438 /* SceneDelegate.swift in Sources */,
			);
			runOnlyForDeploymentPostprocessing = 0;
		};
		3851F60026EA982200973438 /* Sources */ = {
			isa = PBXSourcesBuildPhase;
			buildActionMask = 2147483647;
			files = (
				3851F60926EA982200973438 /* MVPUsersAppTests.swift in Sources */,
			);
			runOnlyForDeploymentPostprocessing = 0;
		};
		3851F60B26EA982200973438 /* Sources */ = {
			isa = PBXSourcesBuildPhase;
			buildActionMask = 2147483647;
			files = (
				3851F61426EA982200973438 /* MVPUsersAppUITests.swift in Sources */,
			);
			runOnlyForDeploymentPostprocessing = 0;
		};
/* End PBXSourcesBuildPhase section */

/* Begin PBXTargetDependency section */
		3851F60626EA982200973438 /* PBXTargetDependency */ = {
			isa = PBXTargetDependency;
			target = 3851F5ED26EA982000973438 /* MVPUsersApp */;
			targetProxy = 3851F60526EA982200973438 /* PBXContainerItemProxy */;
		};
		3851F61126EA982200973438 /* PBXTargetDependency */ = {
			isa = PBXTargetDependency;
			target = 3851F5ED26EA982000973438 /* MVPUsersApp */;
			targetProxy = 3851F61026EA982200973438 /* PBXContainerItemProxy */;
		};
/* End PBXTargetDependency section */

/* Begin PBXVariantGroup section */
		3851F5F726EA982000973438 /* Main.storyboard */ = {
			isa = PBXVariantGroup;
			children = (
				3851F5F826EA982000973438 /* Base */,
			);
			name = Main.storyboard;
			sourceTree = "<group>";
		};
		3851F5FC26EA982200973438 /* LaunchScreen.storyboard */ = {
			isa = PBXVariantGroup;
			children = (
				3851F5FD26EA982200973438 /* Base */,
			);
			name = LaunchScreen.storyboard;
			sourceTree = "<group>";
		};
/* End PBXVariantGroup section */

/* Begin XCBuildConfiguration section */
		3851F61626EA982200973438 /* Debug */ = {
			isa = XCBuildConfiguration;
			buildSettings = {
				ALWAYS_SEARCH_USER_PATHS = NO;
				CLANG_ANALYZER_NONNULL = YES;
				CLANG_ANALYZER_NUMBER_OBJECT_CONVERSION = YES_AGGRESSIVE;
				CLANG_CXX_LANGUAGE_STANDARD = "gnu++14";
				CLANG_CXX_LIBRARY = "libc++";
				CLANG_ENABLE_MODULES = YES;
				CLANG_ENABLE_OBJC_ARC = YES;
				CLANG_ENABLE_OBJC_WEAK = YES;
				CLANG_WARN_BLOCK_CAPTURE_AUTORELEASING = YES;
				CLANG_WARN_BOOL_CONVERSION = YES;
				CLANG_WARN_COMMA = YES;
				CLANG_WARN_CONSTANT_CONVERSION = YES;
				CLANG_WARN_DEPRECATED_OBJC_IMPLEMENTATIONS = YES;
				CLANG_WARN_DIRECT_OBJC_ISA_USAGE = YES_ERROR;
				CLANG_WARN_DOCUMENTATION_COMMENTS = YES;
				CLANG_WARN_EMPTY_BODY = YES;
				CLANG_WARN_ENUM_CONVERSION = YES;
				CLANG_WARN_INFINITE_RECURSION = YES;
				CLANG_WARN_INT_CONVERSION = YES;
				CLANG_WARN_NON_LITERAL_NULL_CONVERSION = YES;
				CLANG_WARN_OBJC_IMPLICIT_RETAIN_SELF = YES;
				CLANG_WARN_OBJC_LITERAL_CONVERSION = YES;
				CLANG_WARN_OBJC_ROOT_CLASS = YES_ERROR;
				CLANG_WARN_QUOTED_INCLUDE_IN_FRAMEWORK_HEADER = YES;
				CLANG_WARN_RANGE_LOOP_ANALYSIS = YES;
				CLANG_WARN_STRICT_PROTOTYPES = YES;
				CLANG_WARN_SUSPICIOUS_MOVE = YES;
				CLANG_WARN_UNGUARDED_AVAILABILITY = YES_AGGRESSIVE;
				CLANG_WARN_UNREACHABLE_CODE = YES;
				CLANG_WARN__DUPLICATE_METHOD_MATCH = YES;
				COPY_PHASE_STRIP = NO;
				DEBUG_INFORMATION_FORMAT = dwarf;
				ENABLE_STRICT_OBJC_MSGSEND = YES;
				ENABLE_TESTABILITY = YES;
				GCC_C_LANGUAGE_STANDARD = gnu11;
				GCC_DYNAMIC_NO_PIC = NO;
				GCC_NO_COMMON_BLOCKS = YES;
				GCC_OPTIMIZATION_LEVEL = 0;
				GCC_PREPROCESSOR_DEFINITIONS = (
					"DEBUG=1",
					"$(inherited)",
				);
				GCC_WARN_64_TO_32_BIT_CONVERSION = YES;
				GCC_WARN_ABOUT_RETURN_TYPE = YES_ERROR;
				GCC_WARN_UNDECLARED_SELECTOR = YES;
				GCC_WARN_UNINITIALIZED_AUTOS = YES_AGGRESSIVE;
				GCC_WARN_UNUSED_FUNCTION = YES;
				GCC_WARN_UNUSED_VARIABLE = YES;
				IPHONEOS_DEPLOYMENT_TARGET = 14.5;
				MTL_ENABLE_DEBUG_INFO = INCLUDE_SOURCE;
				MTL_FAST_MATH = YES;
				ONLY_ACTIVE_ARCH = YES;
				SDKROOT = iphoneos;
				SWIFT_ACTIVE_COMPILATION_CONDITIONS = DEBUG;
				SWIFT_OPTIMIZATION_LEVEL = "-Onone";
			};
			name = Debug;
		};
		3851F61726EA982200973438 /* Release */ = {
			isa = XCBuildConfiguration;
			buildSettings = {
				ALWAYS_SEARCH_USER_PATHS = NO;
				CLANG_ANALYZER_NONNULL = YES;
				CLANG_ANALYZER_NUMBER_OBJECT_CONVERSION = YES_AGGRESSIVE;
				CLANG_CXX_LANGUAGE_STANDARD = "gnu++14";
				CLANG_CXX_LIBRARY = "libc++";
				CLANG_ENABLE_MODULES = YES;
				CLANG_ENABLE_OBJC_ARC = YES;
				CLANG_ENABLE_OBJC_WEAK = YES;
				CLANG_WARN_BLOCK_CAPTURE_AUTORELEASING = YES;
				CLANG_WARN_BOOL_CONVERSION = YES;
				CLANG_WARN_COMMA = YES;
				CLANG_WARN_CONSTANT_CONVERSION = YES;
				CLANG_WARN_DEPRECATED_OBJC_IMPLEMENTATIONS = YES;
				CLANG_WARN_DIRECT_OBJC_ISA_USAGE = YES_ERROR;
				CLANG_WARN_DOCUMENTATION_COMMENTS = YES;
				CLANG_WARN_EMPTY_BODY = YES;
				CLANG_WARN_ENUM_CONVERSION = YES;
				CLANG_WARN_INFINITE_RECURSION = YES;
				CLANG_WARN_INT_CONVERSION = YES;
				CLANG_WARN_NON_LITERAL_NULL_CONVERSION = YES;
				CLANG_WARN_OBJC_IMPLICIT_RETAIN_SELF = YES;
				CLANG_WARN_OBJC_LITERAL_CONVERSION = YES;
				CLANG_WARN_OBJC_ROOT_CLASS = YES_ERROR;
				CLANG_WARN_QUOTED_INCLUDE_IN_FRAMEWORK_HEADER = YES;
				CLANG_WARN_RANGE_LOOP_ANALYSIS = YES;
				CLANG_WARN_STRICT_PROTOTYPES = YES;
				CLANG_WARN_SUSPICIOUS_MOVE = YES;
				CLANG_WARN_UNGUARDED_AVAILABILITY = YES_AGGRESSIVE;
				CLANG_WARN_UNREACHABLE_CODE = YES;
				CLANG_WARN__DUPLICATE_METHOD_MATCH = YES;
				COPY_PHASE_STRIP = NO;
				DEBUG_INFORMATION_FORMAT = "dwarf-with-dsym";
				ENABLE_NS_ASSERTIONS = NO;
				ENABLE_STRICT_OBJC_MSGSEND = YES;
				GCC_C_LANGUAGE_STANDARD = gnu11;
				GCC_NO_COMMON_BLOCKS = YES;
				GCC_WARN_64_TO_32_BIT_CONVERSION = YES;
				GCC_WARN_ABOUT_RETURN_TYPE = YES_ERROR;
				GCC_WARN_UNDECLARED_SELECTOR = YES;
				GCC_WARN_UNINITIALIZED_AUTOS = YES_AGGRESSIVE;
				GCC_WARN_UNUSED_FUNCTION = YES;
				GCC_WARN_UNUSED_VARIABLE = YES;
				IPHONEOS_DEPLOYMENT_TARGET = 14.5;
				MTL_ENABLE_DEBUG_INFO = NO;
				MTL_FAST_MATH = YES;
				SDKROOT = iphoneos;
				SWIFT_COMPILATION_MODE = wholemodule;
				SWIFT_OPTIMIZATION_LEVEL = "-O";
				VALIDATE_PRODUCT = YES;
			};
			name = Release;
		};
		3851F61926EA982200973438 /* Debug */ = {
			isa = XCBuildConfiguration;
			buildSettings = {
				ASSETCATALOG_COMPILER_APPICON_NAME = AppIcon;
				ASSETCATALOG_COMPILER_GLOBAL_ACCENT_COLOR_NAME = AccentColor;
				CODE_SIGN_STYLE = Automatic;
				INFOPLIST_FILE = MVPUsersApp/Info.plist;
				LD_RUNPATH_SEARCH_PATHS = (
					"$(inherited)",
					"@executable_path/Frameworks",
				);
				PRODUCT_BUNDLE_IDENTIFIER = daml.MVPUsersApp;
				PRODUCT_NAME = "$(TARGET_NAME)";
				SWIFT_VERSION = 5.0;
				TARGETED_DEVICE_FAMILY = "1,2";
			};
			name = Debug;
		};
		3851F61A26EA982200973438 /* Release */ = {
			isa = XCBuildConfiguration;
			buildSettings = {
				ASSETCATALOG_COMPILER_APPICON_NAME = AppIcon;
				ASSETCATALOG_COMPILER_GLOBAL_ACCENT_COLOR_NAME = AccentColor;
				CODE_SIGN_STYLE = Automatic;
				INFOPLIST_FILE = MVPUsersApp/Info.plist;
				LD_RUNPATH_SEARCH_PATHS = (
					"$(inherited)",
					"@executable_path/Frameworks",
				);
				PRODUCT_BUNDLE_IDENTIFIER = daml.MVPUsersApp;
				PRODUCT_NAME = "$(TARGET_NAME)";
				SWIFT_VERSION = 5.0;
				TARGETED_DEVICE_FAMILY = "1,2";
			};
			name = Release;
		};
		3851F61C26EA982200973438 /* Debug */ = {
			isa = XCBuildConfiguration;
			buildSettings = {
				ALWAYS_EMBED_SWIFT_STANDARD_LIBRARIES = YES;
				BUNDLE_LOADER = "$(TEST_HOST)";
				CODE_SIGN_STYLE = Automatic;
				INFOPLIST_FILE = MVPUsersAppTests/Info.plist;
				IPHONEOS_DEPLOYMENT_TARGET = 14.5;
				LD_RUNPATH_SEARCH_PATHS = (
					"$(inherited)",
					"@executable_path/Frameworks",
					"@loader_path/Frameworks",
				);
				PRODUCT_BUNDLE_IDENTIFIER = daml.MVPUsersAppTests;
				PRODUCT_NAME = "$(TARGET_NAME)";
				SWIFT_VERSION = 5.0;
				TARGETED_DEVICE_FAMILY = "1,2";
				TEST_HOST = "$(BUILT_PRODUCTS_DIR)/MVPUsersApp.app/MVPUsersApp";
			};
			name = Debug;
		};
		3851F61D26EA982200973438 /* Release */ = {
			isa = XCBuildConfiguration;
			buildSettings = {
				ALWAYS_EMBED_SWIFT_STANDARD_LIBRARIES = YES;
				BUNDLE_LOADER = "$(TEST_HOST)";
				CODE_SIGN_STYLE = Automatic;
				INFOPLIST_FILE = MVPUsersAppTests/Info.plist;
				IPHONEOS_DEPLOYMENT_TARGET = 14.5;
				LD_RUNPATH_SEARCH_PATHS = (
					"$(inherited)",
					"@executable_path/Frameworks",
					"@loader_path/Frameworks",
				);
				PRODUCT_BUNDLE_IDENTIFIER = daml.MVPUsersAppTests;
				PRODUCT_NAME = "$(TARGET_NAME)";
				SWIFT_VERSION = 5.0;
				TARGETED_DEVICE_FAMILY = "1,2";
				TEST_HOST = "$(BUILT_PRODUCTS_DIR)/MVPUsersApp.app/MVPUsersApp";
			};
			name = Release;
		};
		3851F61F26EA982200973438 /* Debug */ = {
			isa = XCBuildConfiguration;
			buildSettings = {
				ALWAYS_EMBED_SWIFT_STANDARD_LIBRARIES = YES;
				CODE_SIGN_STYLE = Automatic;
				INFOPLIST_FILE = MVPUsersAppUITests/Info.plist;
				LD_RUNPATH_SEARCH_PATHS = (
					"$(inherited)",
					"@executable_path/Frameworks",
					"@loader_path/Frameworks",
				);
				PRODUCT_BUNDLE_IDENTIFIER = daml.MVPUsersAppUITests;
				PRODUCT_NAME = "$(TARGET_NAME)";
				SWIFT_VERSION = 5.0;
				TARGETED_DEVICE_FAMILY = "1,2";
				TEST_TARGET_NAME = MVPUsersApp;
			};
			name = Debug;
		};
		3851F62026EA982200973438 /* Release */ = {
			isa = XCBuildConfiguration;
			buildSettings = {
				ALWAYS_EMBED_SWIFT_STANDARD_LIBRARIES = YES;
				CODE_SIGN_STYLE = Automatic;
				INFOPLIST_FILE = MVPUsersAppUITests/Info.plist;
				LD_RUNPATH_SEARCH_PATHS = (
					"$(inherited)",
					"@executable_path/Frameworks",
					"@loader_path/Frameworks",
				);
				PRODUCT_BUNDLE_IDENTIFIER = daml.MVPUsersAppUITests;
				PRODUCT_NAME = "$(TARGET_NAME)";
				SWIFT_VERSION = 5.0;
				TARGETED_DEVICE_FAMILY = "1,2";
				TEST_TARGET_NAME = MVPUsersApp;
			};
			name = Release;
		};
/* End XCBuildConfiguration section */

/* Begin XCConfigurationList section */
		3851F5E926EA982000973438 /* Build configuration list for PBXProject "MVPUsersApp" */ = {
			isa = XCConfigurationList;
			buildConfigurations = (
				3851F61626EA982200973438 /* Debug */,
				3851F61726EA982200973438 /* Release */,
			);
			defaultConfigurationIsVisible = 0;
			defaultConfigurationName = Release;
		};
		3851F61826EA982200973438 /* Build configuration list for PBXNativeTarget "MVPUsersApp" */ = {
			isa = XCConfigurationList;
			buildConfigurations = (
				3851F61926EA982200973438 /* Debug */,
				3851F61A26EA982200973438 /* Release */,
			);
			defaultConfigurationIsVisible = 0;
			defaultConfigurationName = Release;
		};
		3851F61B26EA982200973438 /* Build configuration list for PBXNativeTarget "MVPUsersAppTests" */ = {
			isa = XCConfigurationList;
			buildConfigurations = (
				3851F61C26EA982200973438 /* Debug */,
				3851F61D26EA982200973438 /* Release */,
			);
			defaultConfigurationIsVisible = 0;
			defaultConfigurationName = Release;
		};
		3851F61E26EA982200973438 /* Build configuration list for PBXNativeTarget "MVPUsersAppUITests" */ = {
			isa = XCConfigurationList;
			buildConfigurations = (
				3851F61F26EA982200973438 /* Debug */,
				3851F62026EA982200973438 /* Release */,
			);
			defaultConfigurationIsVisible = 0;
			defaultConfigurationName = Release;
		};
/* End XCConfigurationList section */
	};
	rootObject = 3851F5E626EA982000973438 /* Project object */;
}
